
Microsoft Visual Studio Solution File, Format Version 12.00
# Visual Studio Version 16
VisualStudioVersion = 16.0.29001.49
MinimumVisualStudioVersion = 10.0.40219.1
Project("{FAE04EC0-301F-11D3-BF4B-00C04F79EFBC}") = "Clipboard Translator", "Clipboard Translator\Clipboard Translator.csproj", "{930AA939-B07C-442E-BD80-D61FB4478A60}"
EndProject
Global
	GlobalSection(SolutionConfigurationPlatforms) = preSolution
		Debug|Any CPU = Debug|Any CPU
		Release|Any CPU = Release|Any CPU
	EndGlobalSection
	GlobalSection(ProjectConfigurationPlatforms) = postSolution
		{930AA939-B07C-442E-BD80-D61FB4478A60}.Debug|Any CPU.ActiveCfg = Debug|Any CPU
		{930AA939-B07C-442E-BD80-D61FB4478A60}.Debug|Any CPU.Build.0 = Debug|Any CPU
		{930AA939-B07C-442E-BD80-D61FB4478A60}.Release|Any CPU.ActiveCfg = Release|Any CPU
		{930AA939-B07C-442E-BD80-D61FB4478A60}.Release|Any CPU.Build.0 = Release|Any CPU
	EndGlobalSection
	GlobalSection(SolutionProperties) = preSolution
		HideSolutionNode = FALSE
	EndGlobalSection
	GlobalSection(ExtensibilityGlobals) = postSolution
		SolutionGuid = {B463845A-51EC-4725-ABDF-0E81B4544818}
	EndGlobalSection
EndGlobal
